// !$*UTF8*$!
{
	archiveVersion = 1;
	classes = {
	};
	objectVersion = 50;
	objects = {

/* Begin PBXBuildFile section */
		AA628E2E235D15E300FDBEBE /* CircularButton.swift in Sources */ = {isa = PBXBuildFile; fileRef = AA628E2D235D15E300FDBEBE /* CircularButton.swift */; };
		AA628E30235DBD2300FDBEBE /* ViewControllerForTableView.swift in Sources */ = {isa = PBXBuildFile; fileRef = AA628E2F235DBD2300FDBEBE /* ViewControllerForTableView.swift */; };
		AA628E32235DC2B200FDBEBE /* Data.plist in Resources */ = {isa = PBXBuildFile; fileRef = AA628E31235DC2B200FDBEBE /* Data.plist */; };
		AA628E54235E94CF00FDBEBE /* Videos.swift in Sources */ = {isa = PBXBuildFile; fileRef = AA628E53235E94CE00FDBEBE /* Videos.swift */; };
		AAB538CD235BC693001F9B78 /* AppDelegate.swift in Sources */ = {isa = PBXBuildFile; fileRef = AAB538CC235BC693001F9B78 /* AppDelegate.swift */; };
		AAB538CF235BC693001F9B78 /* ViewController.swift in Sources */ = {isa = PBXBuildFile; fileRef = AAB538CE235BC693001F9B78 /* ViewController.swift */; };
		AAB538D2235BC693001F9B78 /* Main.storyboard in Resources */ = {isa = PBXBuildFile; fileRef = AAB538D0235BC693001F9B78 /* Main.storyboard */; };
		AAB538D4235BC694001F9B78 /* Assets.xcassets in Resources */ = {isa = PBXBuildFile; fileRef = AAB538D3235BC694001F9B78 /* Assets.xcassets */; };
		AAB538D7235BC694001F9B78 /* LaunchScreen.storyboard in Resources */ = {isa = PBXBuildFile; fileRef = AAB538D5235BC694001F9B78 /* LaunchScreen.storyboard */; };
		AAB538DF235BEBA4001F9B78 /* Movies.swift in Sources */ = {isa = PBXBuildFile; fileRef = AAB538DE235BEBA4001F9B78 /* Movies.swift */; };
		AAB538E1235C1FD1001F9B78 /* CollectionViewCell.swift in Sources */ = {isa = PBXBuildFile; fileRef = AAB538E0235C1FD1001F9B78 /* CollectionViewCell.swift */; };
		AAB53909235CF965001F9B78 /* DetailedViewController.swift in Sources */ = {isa = PBXBuildFile; fileRef = AAB53908235CF964001F9B78 /* DetailedViewController.swift */; };
/* End PBXBuildFile section */

/* Begin PBXFileReference section */
		AA628E2D235D15E300FDBEBE /* CircularButton.swift */ = {isa = PBXFileReference; lastKnownFileType = sourcecode.swift; path = CircularButton.swift; sourceTree = "<group>"; };
		AA628E2F235DBD2300FDBEBE /* ViewControllerForTableView.swift */ = {isa = PBXFileReference; lastKnownFileType = sourcecode.swift; path = ViewControllerForTableView.swift; sourceTree = "<group>"; };
		AA628E31235DC2B200FDBEBE /* Data.plist */ = {isa = PBXFileReference; lastKnownFileType = text.plist.xml; path = Data.plist; sourceTree = "<group>"; };
		AA628E53235E94CE00FDBEBE /* Videos.swift */ = {isa = PBXFileReference; lastKnownFileType = sourcecode.swift; path = Videos.swift; sourceTree = "<group>"; };
		AAB538C9235BC693001F9B78 /* Lab4.app */ = {isa = PBXFileReference; explicitFileType = wrapper.application; includeInIndex = 0; path = Lab4.app; sourceTree = BUILT_PRODUCTS_DIR; };
		AAB538CC235BC693001F9B78 /* AppDelegate.swift */ = {isa = PBXFileReference; lastKnownFileType = sourcecode.swift; path = AppDelegate.swift; sourceTree = "<group>"; };
		AAB538CE235BC693001F9B78 /* ViewController.swift */ = {isa = PBXFileReference; lastKnownFileType = sourcecode.swift; path = ViewController.swift; sourceTree = "<group>"; };
		AAB538D1235BC693001F9B78 /* Base */ = {isa = PBXFileReference; lastKnownFileType = file.storyboard; name = Base; path = Base.lproj/Main.storyboard; sourceTree = "<group>"; };
		AAB538D3235BC694001F9B78 /* Assets.xcassets */ = {isa = PBXFileReference; lastKnownFileType = folder.assetcatalog; path = Assets.xcassets; sourceTree = "<group>"; };
		AAB538D6235BC694001F9B78 /* Base */ = {isa = PBXFileReference; lastKnownFileType = file.storyboard; name = Base; path = Base.lproj/LaunchScreen.storyboard; sourceTree = "<group>"; };
		AAB538D8235BC694001F9B78 /* Info.plist */ = {isa = PBXFileReference; lastKnownFileType = text.plist.xml; path = Info.plist; sourceTree = "<group>"; };
		AAB538DE235BEBA4001F9B78 /* Movies.swift */ = {isa = PBXFileReference; lastKnownFileType = sourcecode.swift; path = Movies.swift; sourceTree = "<group>"; };
		AAB538E0235C1FD1001F9B78 /* CollectionViewCell.swift */ = {isa = PBXFileReference; lastKnownFileType = sourcecode.swift; path = CollectionViewCell.swift; sourceTree = "<group>"; };
		AAB53908235CF964001F9B78 /* DetailedViewController.swift */ = {isa = PBXFileReference; lastKnownFileType = sourcecode.swift; path = DetailedViewController.swift; sourceTree = "<group>"; };
/* End PBXFileReference section */

/* Begin PBXFrameworksBuildPhase section */
		AAB538C6235BC693001F9B78 /* Frameworks */ = {
			isa = PBXFrameworksBuildPhase;
			buildActionMask = 2147483647;
			files = (
			);
			runOnlyForDeploymentPostprocessing = 0;
		};
/* End PBXFrameworksBuildPhase section */

/* Begin PBXGroup section */
		AAB538C0235BC693001F9B78 = {
			isa = PBXGroup;
			children = (
				AAB538CB235BC693001F9B78 /* Lab4 */,
				AAB538CA235BC693001F9B78 /* Products */,
			);
			sourceTree = "<group>";
		};
		AAB538CA235BC693001F9B78 /* Products */ = {
			isa = PBXGroup;
			children = (
				AAB538C9235BC693001F9B78 /* Lab4.app */,
			);
			name = Products;
			sourceTree = "<group>";
		};
		AAB538CB235BC693001F9B78 /* Lab4 */ = {
			isa = PBXGroup;
			children = (
				AAB538CC235BC693001F9B78 /* AppDelegate.swift */,
				AAB538CE235BC693001F9B78 /* ViewController.swift */,
				AA628E2F235DBD2300FDBEBE /* ViewControllerForTableView.swift */,
				AAB53908235CF964001F9B78 /* DetailedViewController.swift */,
				AAB538D0235BC693001F9B78 /* Main.storyboard */,
				AAB538D5235BC694001F9B78 /* LaunchScreen.storyboard */,
				AAB538E0235C1FD1001F9B78 /* CollectionViewCell.swift */,
				AA628E2D235D15E300FDBEBE /* CircularButton.swift */,
				AAB538D3235BC694001F9B78 /* Assets.xcassets */,
				AAB538D8235BC694001F9B78 /* Info.plist */,
				AA628E31235DC2B200FDBEBE /* Data.plist */,
				AAB538DE235BEBA4001F9B78 /* Movies.swift */,
				AA628E53235E94CE00FDBEBE /* Videos.swift */,
			);
			path = Lab4;
			sourceTree = "<group>";
		};
/* End PBXGroup section */

/* Begin PBXNativeTarget section */
		AAB538C8235BC693001F9B78 /* Lab4 */ = {
			isa = PBXNativeTarget;
			buildConfigurationList = AAB538DB235BC694001F9B78 /* Build configuration list for PBXNativeTarget "Lab4" */;
			buildPhases = (
				AAB538C5235BC693001F9B78 /* Sources */,
				AAB538C6235BC693001F9B78 /* Frameworks */,
				AAB538C7235BC693001F9B78 /* Resources */,
			);
			buildRules = (
			);
			dependencies = (
			);
			name = Lab4;
			productName = Lab4;
			productReference = AAB538C9235BC693001F9B78 /* Lab4.app */;
			productType = "com.apple.product-type.application";
		};
/* End PBXNativeTarget section */

/* Begin PBXProject section */
		AAB538C1235BC693001F9B78 /* Project object */ = {
			isa = PBXProject;
			attributes = {
				LastSwiftUpdateCheck = 1020;
				LastUpgradeCheck = 1020;
				ORGANIZATIONNAME = "Steve Li";
				TargetAttributes = {
					AAB538C8235BC693001F9B78 = {
						CreatedOnToolsVersion = 10.2;
					};
				};
			};
			buildConfigurationList = AAB538C4235BC693001F9B78 /* Build configuration list for PBXProject "Lab4" */;
			compatibilityVersion = "Xcode 9.3";
			developmentRegion = en;
			hasScannedForEncodings = 0;
			knownRegions = (
				en,
				Base,
			);
			mainGroup = AAB538C0235BC693001F9B78;
			productRefGroup = AAB538CA235BC693001F9B78 /* Products */;
			projectDirPath = "";
			projectRoot = "";
			targets = (
				AAB538C8235BC693001F9B78 /* Lab4 */,
			);
		};
/* End PBXProject section */

/* Begin PBXResourcesBuildPhase section */
		AAB538C7235BC693001F9B78 /* Resources */ = {
			isa = PBXResourcesBuildPhase;
			buildActionMask = 2147483647;
			files = (
				AAB538D7235BC694001F9B78 /* LaunchScreen.storyboard in Resources */,
				AAB538D4235BC694001F9B78 /* Assets.xcassets in Resources */,
				AA628E32235DC2B200FDBEBE /* Data.plist in Resources */,
				AAB538D2235BC693001F9B78 /* Main.storyboard in Resources */,
			);
			runOnlyForDeploymentPostprocessing = 0;
		};
/* End PBXResourcesBuildPhase section */

/* Begin PBXSourcesBuildPhase section */
		AAB538C5235BC693001F9B78 /* Sources */ = {
			isa = PBXSourcesBuildPhase;
			buildActionMask = 2147483647;
			files = (
				AAB538CF235BC693001F9B78 /* ViewController.swift in Sources */,
				AA628E54235E94CF00FDBEBE /* Videos.swift in Sources */,
				AAB538CD235BC693001F9B78 /* AppDelegate.swift in Sources */,
				AA628E2E235D15E300FDBEBE /* CircularButton.swift in Sources */,
				AAB53909235CF965001F9B78 /* DetailedViewController.swift in Sources */,
				AAB538E1235C1FD1001F9B78 /* CollectionViewCell.swift in Sources */,
				AA628E30235DBD2300FDBEBE /* ViewControllerForTableView.swift in Sources */,
				AAB538DF235BEBA4001F9B78 /* Movies.swift in Sources */,
			);
			runOnlyForDeploymentPostprocessing = 0;
		};
/* End PBXSourcesBuildPhase section */

/* Begin PBXVariantGroup section */
		AAB538D0235BC693001F9B78 /* Main.storyboard */ = {
			isa = PBXVariantGroup;
			children = (
				AAB538D1235BC693001F9B78 /* Base */,
			);
			name = Main.storyboard;
			sourceTree = "<group>";
		};
		AAB538D5235BC694001F9B78 /* LaunchScreen.storyboard */ = {
			isa = PBXVariantGroup;
			children = (
				AAB538D6235BC694001F9B78 /* Base */,
			);
			name = LaunchScreen.storyboard;
			sourceTree = "<group>";
		};
/* End PBXVariantGroup section */

/* Begin XCBuildConfiguration section */
		AAB538D9235BC694001F9B78 /* Debug */ = {
			isa = XCBuildConfiguration;
			buildSettings = {
				ALWAYS_SEARCH_USER_PATHS = NO;
				CLANG_ANALYZER_NONNULL = YES;
				CLANG_ANALYZER_NUMBER_OBJECT_CONVERSION = YES_AGGRESSIVE;
				CLANG_CXX_LANGUAGE_STANDARD = "gnu++14";
				CLANG_CXX_LIBRARY = "libc++";
				CLANG_ENABLE_MODULES = YES;
				CLANG_ENABLE_OBJC_ARC = YES;
				CLANG_ENABLE_OBJC_WEAK = YES;
				CLANG_WARN_BLOCK_CAPTURE_AUTORELEASING = YES;
				CLANG_WARN_BOOL_CONVERSION = YES;
				CLANG_WARN_COMMA = YES;
				CLANG_WARN_CONSTANT_CONVERSION = YES;
				CLANG_WARN_DEPRECATED_OBJC_IMPLEMENTATIONS = YES;
				CLANG_WARN_DIRECT_OBJC_ISA_USAGE = YES_ERROR;
				CLANG_WARN_DOCUMENTATION_COMMENTS = YES;
				CLANG_WARN_EMPTY_BODY = YES;
				CLANG_WARN_ENUM_CONVERSION = YES;
				CLANG_WARN_INFINITE_RECURSION = YES;
				CLANG_WARN_INT_CONVERSION = YES;
				CLANG_WARN_NON_LITERAL_NULL_CONVERSION = YES;
				CLANG_WARN_OBJC_IMPLICIT_RETAIN_SELF = YES;
				CLANG_WARN_OBJC_LITERAL_CONVERSION = YES;
				CLANG_WARN_OBJC_ROOT_CLASS = YES_ERROR;
				CLANG_WARN_RANGE_LOOP_ANALYSIS = YES;
				CLANG_WARN_STRICT_PROTOTYPES = YES;
				CLANG_WARN_SUSPICIOUS_MOVE = YES;
				CLANG_WARN_UNGUARDED_AVAILABILITY = YES_AGGRESSIVE;
				CLANG_WARN_UNREACHABLE_CODE = YES;
				CLANG_WARN__DUPLICATE_METHOD_MATCH = YES;
				CODE_SIGN_IDENTITY = "iPhone Developer";
				COPY_PHASE_STRIP = NO;
				DEBUG_INFORMATION_FORMAT = dwarf;
				ENABLE_STRICT_OBJC_MSGSEND = YES;
				ENABLE_TESTABILITY = YES;
				GCC_C_LANGUAGE_STANDARD = gnu11;
				GCC_DYNAMIC_NO_PIC = NO;
				GCC_NO_COMMON_BLOCKS = YES;
				GCC_OPTIMIZATION_LEVEL = 0;
				GCC_PREPROCESSOR_DEFINITIONS = (
					"DEBUG=1",
					"$(inherited)",
				);
				GCC_WARN_64_TO_32_BIT_CONVERSION = YES;
				GCC_WARN_ABOUT_RETURN_TYPE = YES_ERROR;
				GCC_WARN_UNDECLARED_SELECTOR = YES;
				GCC_WARN_UNINITIALIZED_AUTOS = YES_AGGRESSIVE;
				GCC_WARN_UNUSED_FUNCTION = YES;
				GCC_WARN_UNUSED_VARIABLE = YES;
				IPHONEOS_DEPLOYMENT_TARGET = 12.2;
				MTL_ENABLE_DEBUG_INFO = INCLUDE_SOURCE;
				MTL_FAST_MATH = YES;
				ONLY_ACTIVE_ARCH = YES;
				SDKROOT = iphoneos;
				SWIFT_ACTIVE_COMPILATION_CONDITIONS = DEBUG;
				SWIFT_OPTIMIZATION_LEVEL = "-Onone";
			};
			name = Debug;
		};
		AAB538DA235BC694001F9B78 /* Release */ = {
			isa = XCBuildConfiguration;
			buildSettings = {
				ALWAYS_SEARCH_USER_PATHS = NO;
				CLANG_ANALYZER_NONNULL = YES;
				CLANG_ANALYZER_NUMBER_OBJECT_CONVERSION = YES_AGGRESSIVE;
				CLANG_CXX_LANGUAGE_STANDARD = "gnu++14";
				CLANG_CXX_LIBRARY = "libc++";
				CLANG_ENABLE_MODULES = YES;
				CLANG_ENABLE_OBJC_ARC = YES;
				CLANG_ENABLE_OBJC_WEAK = YES;
				CLANG_WARN_BLOCK_CAPTURE_AUTORELEASING = YES;
				CLANG_WARN_BOOL_CONVERSION = YES;
				CLANG_WARN_COMMA = YES;
				CLANG_WARN_CONSTANT_CONVERSION = YES;
				CLANG_WARN_DEPRECATED_OBJC_IMPLEMENTATIONS = YES;
				CLANG_WARN_DIRECT_OBJC_ISA_USAGE = YES_ERROR;
				CLANG_WARN_DOCUMENTATION_COMMENTS = YES;
				CLANG_WARN_EMPTY_BODY = YES;
				CLANG_WARN_ENUM_CONVERSION = YES;
				CLANG_WARN_INFINITE_RECURSION = YES;
				CLANG_WARN_INT_CONVERSION = YES;
				CLANG_WARN_NON_LITERAL_NULL_CONVERSION = YES;
				CLANG_WARN_OBJC_IMPLICIT_RETAIN_SELF = YES;
				CLANG_WARN_OBJC_LITERAL_CONVERSION = YES;
				CLANG_WARN_OBJC_ROOT_CLASS = YES_ERROR;
				CLANG_WARN_RANGE_LOOP_ANALYSIS = YES;
				CLANG_WARN_STRICT_PROTOTYPES = YES;
				CLANG_WARN_SUSPICIOUS_MOVE = YES;
				CLANG_WARN_UNGUARDED_AVAILABILITY = YES_AGGRESSIVE;
				CLANG_WARN_UNREACHABLE_CODE = YES;
				CLANG_WARN__DUPLICATE_METHOD_MATCH = YES;
				CODE_SIGN_IDENTITY = "iPhone Developer";
				COPY_PHASE_STRIP = NO;
				DEBUG_INFORMATION_FORMAT = "dwarf-with-dsym";
				ENABLE_NS_ASSERTIONS = NO;
				ENABLE_STRICT_OBJC_MSGSEND = YES;
				GCC_C_LANGUAGE_STANDARD = gnu11;
				GCC_NO_COMMON_BLOCKS = YES;
				GCC_WARN_64_TO_32_BIT_CONVERSION = YES;
				GCC_WARN_ABOUT_RETURN_TYPE = YES_ERROR;
				GCC_WARN_UNDECLARED_SELECTOR = YES;
				GCC_WARN_UNINITIALIZED_AUTOS = YES_AGGRESSIVE;
				GCC_WARN_UNUSED_FUNCTION = YES;
				GCC_WARN_UNUSED_VARIABLE = YES;
				IPHONEOS_DEPLOYMENT_TARGET = 12.2;
				MTL_ENABLE_DEBUG_INFO = NO;
				MTL_FAST_MATH = YES;
				SDKROOT = iphoneos;
				SWIFT_COMPILATION_MODE = wholemodule;
				SWIFT_OPTIMIZATION_LEVEL = "-O";
				VALIDATE_PRODUCT = YES;
			};
			name = Release;
		};
		AAB538DC235BC694001F9B78 /* Debug */ = {
			isa = XCBuildConfiguration;
			buildSettings = {
				ASSETCATALOG_COMPILER_APPICON_NAME = AppIcon;
				CODE_SIGN_STYLE = Automatic;
				DEVELOPMENT_TEAM = 7ZKFY94PX5;
				INFOPLIST_FILE = Lab4/Info.plist;
				LD_RUNPATH_SEARCH_PATHS = (
					"$(inherited)",
					"@executable_path/Frameworks",
				);
				PRODUCT_BUNDLE_IDENTIFIER = steve.Lab4;
				PRODUCT_NAME = "$(TARGET_NAME)";
				SWIFT_VERSION = 5.0;
				TARGETED_DEVICE_FAMILY = "1,2";
			};
			name = Debug;
		};
		AAB538DD235BC694001F9B78 /* Release */ = {
			isa = XCBuildConfiguration;
			buildSettings = {
				ASSETCATALOG_COMPILER_APPICON_NAME = AppIcon;
				CODE_SIGN_STYLE = Automatic;
				DEVELOPMENT_TEAM = 7ZKFY94PX5;
				INFOPLIST_FILE = Lab4/Info.plist;
				LD_RUNPATH_SEARCH_PATHS = (
					"$(inherited)",
					"@executable_path/Frameworks",
				);
				PRODUCT_BUNDLE_IDENTIFIER = steve.Lab4;
				PRODUCT_NAME = "$(TARGET_NAME)";
				SWIFT_VERSION = 5.0;
				TARGETED_DEVICE_FAMILY = "1,2";
			};
			name = Release;
		};
/* End XCBuildConfiguration section */

/* Begin XCConfigurationList section */
		AAB538C4235BC693001F9B78 /* Build configuration list for PBXProject "Lab4" */ = {
			isa = XCConfigurationList;
			buildConfigurations = (
				AAB538D9235BC694001F9B78 /* Debug */,
				AAB538DA235BC694001F9B78 /* Release */,
			);
			defaultConfigurationIsVisible = 0;
			defaultConfigurationName = Release;
		};
		AAB538DB235BC694001F9B78 /* Build configuration list for PBXNativeTarget "Lab4" */ = {
			isa = XCConfigurationList;
			buildConfigurations = (
				AAB538DC235BC694001F9B78 /* Debug */,
				AAB538DD235BC694001F9B78 /* Release */,
			);
			defaultConfigurationIsVisible = 0;
			defaultConfigurationName = Release;
		};
/* End XCConfigurationList section */
	};
	rootObject = AAB538C1235BC693001F9B78 /* Project object */;
}
